
Microsoft Visual Studio Solution File, Format Version 12.00
# Visual Studio Version 17
VisualStudioVersion = 17.10.35122.118
MinimumVisualStudioVersion = 10.0.40219.1
Project("{FAE04EC0-301F-11D3-BF4B-00C04F79EFBC}") = "Realesrgan", "Realesrgan\Realesrgan.csproj", "{0439488E-C7BD-4197-9AA8-C1B701237482}"
EndProject
Global
	GlobalSection(SolutionConfigurationPlatforms) = preSolution
		Debug|Any CPU = Debug|Any CPU
		Release|Any CPU = Release|Any CPU
	EndGlobalSection
	GlobalSection(ProjectConfigurationPlatforms) = postSolution
		{0439488E-C7BD-4197-9AA8-C1B701237482}.Debug|Any CPU.ActiveCfg = Debug|Any CPU
		{0439488E-C7BD-4197-9AA8-C1B701237482}.Debug|Any CPU.Build.0 = Debug|Any CPU
		{0439488E-C7BD-4197-9AA8-C1B701237482}.Release|Any CPU.ActiveCfg = Release|Any CPU
	EndGlobalSection
	GlobalSection(SolutionProperties) = preSolution
		HideSolutionNode = FALSE
	EndGlobalSection
	GlobalSection(ExtensibilityGlobals) = postSolution
		SolutionGuid = {4098701A-A35A-4DE0-9F03-E960E2D94B0E}
	EndGlobalSection
EndGlobal
